{
  "name": "example-project",
  "lockfileVersion": 3,
  "requires": true,
  "packages": {
    "": {
      "dependencies": {
        "@logtail/js": "^0.5.6"
      }
    },
    "node_modules/@logtail/browser": {
      "version": "0.5.6",
      "resolved": "https://registry.npmjs.org/@logtail/browser/-/browser-0.5.6.tgz",
      "integrity": "sha512-JFiMCWarPnjMMtUvReTauwQ9Mtt/C5qQw6O3oDDxysP8ZE8JN2C7VAPr/gCIV1x351cbkeLBDcXrhy7B3jOPgg==",
      "license": "ISC",
      "dependencies": {
        "@logtail/core": "^0.5.6",
        "@logtail/tools": "^0.5.6"
      }
    },
    "node_modules/@logtail/core": {
      "version": "0.5.6",
      "resolved": "https://registry.npmjs.org/@logtail/core/-/core-0.5.6.tgz",
      "integrity": "sha512-wbExeqFgH8mfEJ0N1X1KmBZVmh1oGyQLtHo329O9TvDqyL3tmyQnXbtEHwB0whfCKrkzHPZvWAamcv/Y8uPOZw==",
      "license": "ISC",
      "dependencies": {
        "@logtail/tools": "^0.5.6",
        "@logtail/types": "^0.5.6",
        "serialize-error": "8.1.0"
      }
    },
    "node_modules/@logtail/js": {
      "version": "0.5.6",
      "resolved": "https://registry.npmjs.org/@logtail/js/-/js-0.5.6.tgz",
      "integrity": "sha512-k8AunvtmYjeDmczMOcFj8GwQ/gumG/jyIb45JwR7jALiMi/N6AnC8LgNnxcLjksuTiMGb8Qeo2FyzjgqUqUO8Q==",
      "license": "ISC",
      "dependencies": {
        "@logtail/browser": "^0.5.6",
        "@logtail/node": "^0.5.6"
      }
    },
    "node_modules/@logtail/node": {
      "version": "0.5.6",
      "resolved": "https://registry.npmjs.org/@logtail/node/-/node-0.5.6.tgz",
      "integrity": "sha512-j+Q/LXVrZa6p+7qfNtiT5ANqmrusrSpBXU5Cxe6Wm+tB48NLaNdOiFz1EgqgTW50WzwlTHYl7ZhfPGsYgmyMOA==",
      "license": "ISC",
      "dependencies": {
        "@logtail/core": "^0.5.6",
        "@logtail/types": "^0.5.6",
        "@msgpack/msgpack": "^2.5.1",
        "@types/stack-trace": "^0.0.33",
        "minimatch": "^9.0.5",
        "stack-trace": "0.0.10"
      }
    },
    "node_modules/@logtail/tools": {
      "version": "0.5.6",
      "resolved": "https://registry.npmjs.org/@logtail/tools/-/tools-0.5.6.tgz",
      "integrity": "sha512-l6VIzOUGZs6eLIWjZD88hNyE61xjRN0xypvFvY7CGl9nH+MlBSoFobA8XPTB+JpU1Zn3UhovOJrRM2SAoVyq4Q==",
      "license": "ISC",
      "dependencies": {
        "@logtail/types": "^0.5.6"
      }
    },
    "node_modules/@logtail/types": {
      "version": "0.5.6",
      "resolved": "https://registry.npmjs.org/@logtail/types/-/types-0.5.6.tgz",
      "integrity": "sha512-a7tkl2rBE24SoV1dG3Jme6sfSRtQjSonlVym0PvoBHFbretqm0FB1SQuba27zOC9qH0kcYtyJGkoFi4vpJE/tQ==",
      "license": "ISC"
    },
    "node_modules/@msgpack/msgpack": {
      "version": "2.8.0",
      "resolved": "https://registry.npmjs.org/@msgpack/msgpack/-/msgpack-2.8.0.tgz",
      "integrity": "sha512-h9u4u/jiIRKbq25PM+zymTyW6bhTzELvOoUd+AvYriWOAKpLGnIamaET3pnHYoI5iYphAHBI4ayx0MehR+VVPQ==",
      "license": "ISC",
      "engines": {
        "node": ">= 10"
      }
    },
    "node_modules/@types/stack-trace": {
      "version": "0.0.33",
      "resolved": "https://registry.npmjs.org/@types/stack-trace/-/stack-trace-0.0.33.tgz",
      "integrity": "sha512-O7in6531Bbvlb2KEsJ0dq0CHZvc3iWSR5ZYMtvGgnHA56VgriAN/AU2LorfmcvAl2xc9N5fbCTRyMRRl8nd74g==",
      "license": "MIT"
    },
    "node_modules/balanced-match": {
      "version": "1.0.2",
      "resolved": "https://registry.npmjs.org/balanced-match/-/balanced-match-1.0.2.tgz",
      "integrity": "sha512-3oSeUO0TMV67hN1AmbXsK4yaqU7tjiHlbxRDZOpH0KW9+CeX4bRAaX0Anxt0tx2MrpRpWwQaPwIlISEJhYU5Pw==",
      "license": "MIT"
    },
    "node_modules/brace-expansion": {
      "version": "2.0.2",
      "resolved": "https://registry.npmjs.org/brace-expansion/-/brace-expansion-2.0.2.tgz",
      "integrity": "sha512-Jt0vHyM+jmUBqojB7E1NIYadt0vI0Qxjxd2TErW94wDz+E2LAm5vKMXXwg6ZZBTHPuUlDgQHKXvjGBdfcF1ZDQ==",
      "license": "MIT",
      "dependencies": {
        "balanced-match": "^1.0.0"
      }
    },
    "node_modules/minimatch": {
      "version": "9.0.5",
      "resolved": "https://registry.npmjs.org/minimatch/-/minimatch-9.0.5.tgz",
      "integrity": "sha512-G6T0ZX48xgozx7587koeX9Ys2NYy6Gmv//P89sEte9V9whIapMNF4idKxnW2QtCcLiTWlb/wfCabAtAFWhhBow==",
      "license": "ISC",
      "dependencies": {
        "brace-expansion": "^2.0.1"
      },
      "engines": {
        "node": ">=16 || 14 >=14.17"
      },
      "funding": {
        "url": "https://github.com/sponsors/isaacs"
      }
    },
    "node_modules/serialize-error": {
      "version": "8.1.0",
      "resolved": "https://registry.npmjs.org/serialize-error/-/serialize-error-8.1.0.tgz",
      "integrity": "sha512-3NnuWfM6vBYoy5gZFvHiYsVbafvI9vZv/+jlIigFn4oP4zjNPK3LhcY0xSCgeb1a5L8jO71Mit9LlNoi2UfDDQ==",
      "license": "MIT",
      "dependencies": {
        "type-fest": "^0.20.2"
      },
      "engines": {
        "node": ">=10"
      },
      "funding": {
        "url": "https://github.com/sponsors/sindresorhus"
      }
    },
    "node_modules/stack-trace": {
      "version": "0.0.10",
      "resolved": "https://registry.npmjs.org/stack-trace/-/stack-trace-0.0.10.tgz",
      "integrity": "sha512-KGzahc7puUKkzyMt+IqAep+TVNbKP+k2Lmwhub39m1AsTSkaDutx56aDCo+HLDzf/D26BIHTJWNiTG1KAJiQCg==",
      "license": "MIT",
      "engines": {
        "node": "*"
      }
    },
    "node_modules/type-fest": {
      "version": "0.20.2",
      "resolved": "https://registry.npmjs.org/type-fest/-/type-fest-0.20.2.tgz",
      "integrity": "sha512-Ne+eE4r0/iWnpAxD852z3A+N0Bt5RN//NjJwRd2VFHEmrywxf5vsZlh4R6lixl6B+wz/8d+maTSAkN1FIkI3LQ==",
      "license": "(MIT OR CC0-1.0)",
      "engines": {
        "node": ">=10"
      },
      "funding": {
        "url": "https://github.com/sponsors/sindresorhus"
      }
    }
  }
}
