{
  "name": "js_logtail",
  "lockfileVersion": 2,
  "requires": true,
  "packages": {
    "": {
      "dependencies": {
        "@logtail/js": "^0.1.10"
      }
    },
    "node_modules/@logtail/browser": {
      "version": "0.1.10",
      "resolved": "https://registry.npmjs.org/@logtail/browser/-/browser-0.1.10.tgz",
      "integrity": "sha512-OtL7rpXaQtLC/tFAleBRF+YNoy8VZU1zikZ7VzmgDxp4ySBhL42GQCa8NBNwinyk6B82KMk20m0aOmixD1mQ8A==",
      "dependencies": {
        "@logtail/core": "^0.1.10",
        "@logtail/tools": "^0.1.8",
        "cross-fetch": "^3.0.4"
      }
    },
    "node_modules/@logtail/core": {
      "version": "0.1.10",
      "resolved": "https://registry.npmjs.org/@logtail/core/-/core-0.1.10.tgz",
      "integrity": "sha512-76q951W7EoaF7SwAZbLsnAjD0QUXNHHGXnsBu/tGHd5UT50jlyxI0t27Lev9IQiF08NFy9SlBE1V26RAeMDccQ==",
      "dependencies": {
        "@logtail/tools": "^0.1.8",
        "@logtail/types": "^0.1.8"
      }
    },
    "node_modules/@logtail/js": {
      "version": "0.1.10",
      "resolved": "https://registry.npmjs.org/@logtail/js/-/js-0.1.10.tgz",
      "integrity": "sha512-Ny+Fvb8VVGsr7OJpX2OmuJOg2fiPbkmSqBffBEGnf0/uMazyWbo2iJ6PLqTRY716soABR4nyDktV7oUMyiSIIw==",
      "dependencies": {
        "@logtail/browser": "^0.1.10",
        "@logtail/node": "^0.1.10"
      }
    },
    "node_modules/@logtail/node": {
      "version": "0.1.10",
      "resolved": "https://registry.npmjs.org/@logtail/node/-/node-0.1.10.tgz",
      "integrity": "sha512-zJgKm593NkMMI3QJBCR1ry6pS/2YKINO9cNZWBDEOeG06L2vVFn/BdK/Uxuypyi9LtQ9kc5lZSbFPBi91NiHlg==",
      "dependencies": {
        "@logtail/core": "^0.1.10",
        "@logtail/types": "^0.1.8",
        "@msgpack/msgpack": "^2.5.1",
        "@types/stack-trace": "^0.0.29",
        "cross-fetch": "^3.0.4",
        "minimatch": "^3.0.4",
        "stack-trace": "^0.0.10"
      }
    },
    "node_modules/@logtail/tools": {
      "version": "0.1.8",
      "resolved": "https://registry.npmjs.org/@logtail/tools/-/tools-0.1.8.tgz",
      "integrity": "sha512-Q2lQBrTRzLCFYJXxhQFfigSpU5Vanhi/EAwOULfNZQn4vV68PKKfqTWK3IRSqOVJ4YpjPusu+BpNGasZfyWACQ==",
      "dependencies": {
        "@logtail/types": "^0.1.8"
      }
    },
    "node_modules/@logtail/types": {
      "version": "0.1.8",
      "resolved": "https://registry.npmjs.org/@logtail/types/-/types-0.1.8.tgz",
      "integrity": "sha512-2XsXMGLK675kkJ+Pq0RE4c0hGFUr7hP4kt2/GTf/5FTzKre3VE0M9yRIXubpsQq4pIrnMgzVnH42A+z92QwL/A==",
      "dependencies": {
        "js": "^0.1.0"
      }
    },
    "node_modules/@msgpack/msgpack": {
      "version": "2.7.1",
      "resolved": "https://registry.npmjs.org/@msgpack/msgpack/-/msgpack-2.7.1.tgz",
      "integrity": "sha512-ApwiSL2c9ObewdOE/sqt788P1C5lomBOHyO8nUBCr4ofErBCnYQ003NtJ8lS9OQZc11ximkbmgAZJjB8y6cCdA==",
      "engines": {
        "node": ">= 10"
      }
    },
    "node_modules/@types/stack-trace": {
      "version": "0.0.29",
      "resolved": "https://registry.npmjs.org/@types/stack-trace/-/stack-trace-0.0.29.tgz",
      "integrity": "sha512-TgfOX+mGY/NyNxJLIbDWrO9DjGoVSW9+aB8H2yy1fy32jsvxijhmyJI9fDFgvz3YP4lvJaq9DzdR/M1bOgVc9g=="
    },
    "node_modules/balanced-match": {
      "version": "1.0.2",
      "resolved": "https://registry.npmjs.org/balanced-match/-/balanced-match-1.0.2.tgz",
      "integrity": "sha512-3oSeUO0TMV67hN1AmbXsK4yaqU7tjiHlbxRDZOpH0KW9+CeX4bRAaX0Anxt0tx2MrpRpWwQaPwIlISEJhYU5Pw=="
    },
    "node_modules/brace-expansion": {
      "version": "1.1.11",
      "resolved": "https://registry.npmjs.org/brace-expansion/-/brace-expansion-1.1.11.tgz",
      "integrity": "sha512-iCuPHDFgrHX7H2vEI/5xpz07zSHB00TpugqhmYtVmMO6518mCuRMoOYFldEBl0g187ufozdaHgWKcYFb61qGiA==",
      "dependencies": {
        "balanced-match": "^1.0.0",
        "concat-map": "0.0.1"
      }
    },
    "node_modules/commander": {
      "version": "1.1.1",
      "resolved": "https://registry.npmjs.org/commander/-/commander-1.1.1.tgz",
      "integrity": "sha1-UNFlGGiuYOzP8KLZ80WVN2vGsEE=",
      "dependencies": {
        "keypress": "0.1.x"
      },
      "engines": {
        "node": ">= 0.6.x"
      }
    },
    "node_modules/concat-map": {
      "version": "0.0.1",
      "resolved": "https://registry.npmjs.org/concat-map/-/concat-map-0.0.1.tgz",
      "integrity": "sha1-2Klr13/Wjfd5OnMDajug1UBdR3s="
    },
    "node_modules/cross-fetch": {
      "version": "3.1.5",
      "resolved": "https://registry.npmjs.org/cross-fetch/-/cross-fetch-3.1.5.tgz",
      "integrity": "sha512-lvb1SBsI0Z7GDwmuid+mU3kWVBwTVUbe7S0H52yaaAdQOXq2YktTCZdlAcNKFzE6QtRz0snpw9bNiPeOIkkQvw==",
      "dependencies": {
        "node-fetch": "2.6.7"
      }
    },
    "node_modules/js": {
      "version": "0.1.0",
      "resolved": "https://registry.npmjs.org/js/-/js-0.1.0.tgz",
      "integrity": "sha1-4dCv1V6jnCso2jBOgUPq8sEz82Y=",
      "dependencies": {
        "commander": "~1.1.1"
      },
      "bin": {
        "js": "bin/js"
      }
    },
    "node_modules/keypress": {
      "version": "0.1.0",
      "resolved": "https://registry.npmjs.org/keypress/-/keypress-0.1.0.tgz",
      "integrity": "sha1-SjGI1CkbZrT2XtuZ+AaqmuKTWSo="
    },
    "node_modules/minimatch": {
      "version": "3.0.4",
      "resolved": "https://registry.npmjs.org/minimatch/-/minimatch-3.0.4.tgz",
      "integrity": "sha512-yJHVQEhyqPLUTgt9B83PXu6W3rx4MvvHvSUvToogpwoGDOUQ+yDrR0HRot+yOCdCO7u4hX3pWft6kWBBcqh0UA==",
      "dependencies": {
        "brace-expansion": "^1.1.7"
      },
      "engines": {
        "node": "*"
      }
    },
    "node_modules/node-fetch": {
      "version": "2.6.7",
      "resolved": "https://registry.npmjs.org/node-fetch/-/node-fetch-2.6.7.tgz",
      "integrity": "sha512-ZjMPFEfVx5j+y2yF35Kzx5sF7kDzxuDj6ziH4FFbOp87zKDZNx8yExJIb05OGF4Nlt9IHFIMBkRl41VdvcNdbQ==",
      "dependencies": {
        "whatwg-url": "^5.0.0"
      },
      "engines": {
        "node": "4.x || >=6.0.0"
      },
      "peerDependencies": {
        "encoding": "^0.1.0"
      },
      "peerDependenciesMeta": {
        "encoding": {
          "optional": true
        }
      }
    },
    "node_modules/stack-trace": {
      "version": "0.0.10",
      "resolved": "https://registry.npmjs.org/stack-trace/-/stack-trace-0.0.10.tgz",
      "integrity": "sha1-VHxws0fo0ytOEI6hoqFZ5f3eGcA=",
      "engines": {
        "node": "*"
      }
    },
    "node_modules/tr46": {
      "version": "0.0.3",
      "resolved": "https://registry.npmjs.org/tr46/-/tr46-0.0.3.tgz",
      "integrity": "sha1-gYT9NH2snNwYWZLzpmIuFLnZq2o="
    },
    "node_modules/webidl-conversions": {
      "version": "3.0.1",
      "resolved": "https://registry.npmjs.org/webidl-conversions/-/webidl-conversions-3.0.1.tgz",
      "integrity": "sha1-JFNCdeKnvGvnvIZhHMFq4KVlSHE="
    },
    "node_modules/whatwg-url": {
      "version": "5.0.0",
      "resolved": "https://registry.npmjs.org/whatwg-url/-/whatwg-url-5.0.0.tgz",
      "integrity": "sha1-lmRU6HZUYuN2RNNib2dCzotwll0=",
      "dependencies": {
        "tr46": "~0.0.3",
        "webidl-conversions": "^3.0.0"
      }
    }
  },
  "dependencies": {
    "@logtail/browser": {
      "version": "0.1.10",
      "resolved": "https://registry.npmjs.org/@logtail/browser/-/browser-0.1.10.tgz",
      "integrity": "sha512-OtL7rpXaQtLC/tFAleBRF+YNoy8VZU1zikZ7VzmgDxp4ySBhL42GQCa8NBNwinyk6B82KMk20m0aOmixD1mQ8A==",
      "requires": {
        "@logtail/core": "^0.1.10",
        "@logtail/tools": "^0.1.8",
        "cross-fetch": "^3.0.4"
      }
    },
    "@logtail/core": {
      "version": "0.1.10",
      "resolved": "https://registry.npmjs.org/@logtail/core/-/core-0.1.10.tgz",
      "integrity": "sha512-76q951W7EoaF7SwAZbLsnAjD0QUXNHHGXnsBu/tGHd5UT50jlyxI0t27Lev9IQiF08NFy9SlBE1V26RAeMDccQ==",
      "requires": {
        "@logtail/tools": "^0.1.8",
        "@logtail/types": "^0.1.8"
      }
    },
    "@logtail/js": {
      "version": "0.1.10",
      "resolved": "https://registry.npmjs.org/@logtail/js/-/js-0.1.10.tgz",
      "integrity": "sha512-Ny+Fvb8VVGsr7OJpX2OmuJOg2fiPbkmSqBffBEGnf0/uMazyWbo2iJ6PLqTRY716soABR4nyDktV7oUMyiSIIw==",
      "requires": {
        "@logtail/browser": "^0.1.10",
        "@logtail/node": "^0.1.10"
      }
    },
    "@logtail/node": {
      "version": "0.1.10",
      "resolved": "https://registry.npmjs.org/@logtail/node/-/node-0.1.10.tgz",
      "integrity": "sha512-zJgKm593NkMMI3QJBCR1ry6pS/2YKINO9cNZWBDEOeG06L2vVFn/BdK/Uxuypyi9LtQ9kc5lZSbFPBi91NiHlg==",
      "requires": {
        "@logtail/core": "^0.1.10",
        "@logtail/types": "^0.1.8",
        "@msgpack/msgpack": "^2.5.1",
        "@types/stack-trace": "^0.0.29",
        "cross-fetch": "^3.0.4",
        "minimatch": "^3.0.4",
        "stack-trace": "^0.0.10"
      }
    },
    "@logtail/tools": {
      "version": "0.1.8",
      "resolved": "https://registry.npmjs.org/@logtail/tools/-/tools-0.1.8.tgz",
      "integrity": "sha512-Q2lQBrTRzLCFYJXxhQFfigSpU5Vanhi/EAwOULfNZQn4vV68PKKfqTWK3IRSqOVJ4YpjPusu+BpNGasZfyWACQ==",
      "requires": {
        "@logtail/types": "^0.1.8"
      }
    },
    "@logtail/types": {
      "version": "0.1.8",
      "resolved": "https://registry.npmjs.org/@logtail/types/-/types-0.1.8.tgz",
      "integrity": "sha512-2XsXMGLK675kkJ+Pq0RE4c0hGFUr7hP4kt2/GTf/5FTzKre3VE0M9yRIXubpsQq4pIrnMgzVnH42A+z92QwL/A==",
      "requires": {
        "js": "^0.1.0"
      }
    },
    "@msgpack/msgpack": {
      "version": "2.7.1",
      "resolved": "https://registry.npmjs.org/@msgpack/msgpack/-/msgpack-2.7.1.tgz",
      "integrity": "sha512-ApwiSL2c9ObewdOE/sqt788P1C5lomBOHyO8nUBCr4ofErBCnYQ003NtJ8lS9OQZc11ximkbmgAZJjB8y6cCdA=="
    },
    "@types/stack-trace": {
      "version": "0.0.29",
      "resolved": "https://registry.npmjs.org/@types/stack-trace/-/stack-trace-0.0.29.tgz",
      "integrity": "sha512-TgfOX+mGY/NyNxJLIbDWrO9DjGoVSW9+aB8H2yy1fy32jsvxijhmyJI9fDFgvz3YP4lvJaq9DzdR/M1bOgVc9g=="
    },
    "balanced-match": {
      "version": "1.0.2",
      "resolved": "https://registry.npmjs.org/balanced-match/-/balanced-match-1.0.2.tgz",
      "integrity": "sha512-3oSeUO0TMV67hN1AmbXsK4yaqU7tjiHlbxRDZOpH0KW9+CeX4bRAaX0Anxt0tx2MrpRpWwQaPwIlISEJhYU5Pw=="
    },
    "brace-expansion": {
      "version": "1.1.11",
      "resolved": "https://registry.npmjs.org/brace-expansion/-/brace-expansion-1.1.11.tgz",
      "integrity": "sha512-iCuPHDFgrHX7H2vEI/5xpz07zSHB00TpugqhmYtVmMO6518mCuRMoOYFldEBl0g187ufozdaHgWKcYFb61qGiA==",
      "requires": {
        "balanced-match": "^1.0.0",
        "concat-map": "0.0.1"
      }
    },
    "commander": {
      "version": "1.1.1",
      "resolved": "https://registry.npmjs.org/commander/-/commander-1.1.1.tgz",
      "integrity": "sha1-UNFlGGiuYOzP8KLZ80WVN2vGsEE=",
      "requires": {
        "keypress": "0.1.x"
      }
    },
    "concat-map": {
      "version": "0.0.1",
      "resolved": "https://registry.npmjs.org/concat-map/-/concat-map-0.0.1.tgz",
      "integrity": "sha1-2Klr13/Wjfd5OnMDajug1UBdR3s="
    },
    "cross-fetch": {
      "version": "3.1.5",
      "resolved": "https://registry.npmjs.org/cross-fetch/-/cross-fetch-3.1.5.tgz",
      "integrity": "sha512-lvb1SBsI0Z7GDwmuid+mU3kWVBwTVUbe7S0H52yaaAdQOXq2YktTCZdlAcNKFzE6QtRz0snpw9bNiPeOIkkQvw==",
      "requires": {
        "node-fetch": "2.6.7"
      }
    },
    "js": {
      "version": "0.1.0",
      "resolved": "https://registry.npmjs.org/js/-/js-0.1.0.tgz",
      "integrity": "sha1-4dCv1V6jnCso2jBOgUPq8sEz82Y=",
      "requires": {
        "commander": "~1.1.1"
      }
    },
    "keypress": {
      "version": "0.1.0",
      "resolved": "https://registry.npmjs.org/keypress/-/keypress-0.1.0.tgz",
      "integrity": "sha1-SjGI1CkbZrT2XtuZ+AaqmuKTWSo="
    },
    "minimatch": {
      "version": "3.0.4",
      "resolved": "https://registry.npmjs.org/minimatch/-/minimatch-3.0.4.tgz",
      "integrity": "sha512-yJHVQEhyqPLUTgt9B83PXu6W3rx4MvvHvSUvToogpwoGDOUQ+yDrR0HRot+yOCdCO7u4hX3pWft6kWBBcqh0UA==",
      "requires": {
        "brace-expansion": "^1.1.7"
      }
    },
    "node-fetch": {
      "version": "2.6.7",
      "resolved": "https://registry.npmjs.org/node-fetch/-/node-fetch-2.6.7.tgz",
      "integrity": "sha512-ZjMPFEfVx5j+y2yF35Kzx5sF7kDzxuDj6ziH4FFbOp87zKDZNx8yExJIb05OGF4Nlt9IHFIMBkRl41VdvcNdbQ==",
      "requires": {
        "whatwg-url": "^5.0.0"
      }
    },
    "stack-trace": {
      "version": "0.0.10",
      "resolved": "https://registry.npmjs.org/stack-trace/-/stack-trace-0.0.10.tgz",
      "integrity": "sha1-VHxws0fo0ytOEI6hoqFZ5f3eGcA="
    },
    "tr46": {
      "version": "0.0.3",
      "resolved": "https://registry.npmjs.org/tr46/-/tr46-0.0.3.tgz",
      "integrity": "sha1-gYT9NH2snNwYWZLzpmIuFLnZq2o="
    },
    "webidl-conversions": {
      "version": "3.0.1",
      "resolved": "https://registry.npmjs.org/webidl-conversions/-/webidl-conversions-3.0.1.tgz",
      "integrity": "sha1-JFNCdeKnvGvnvIZhHMFq4KVlSHE="
    },
    "whatwg-url": {
      "version": "5.0.0",
      "resolved": "https://registry.npmjs.org/whatwg-url/-/whatwg-url-5.0.0.tgz",
      "integrity": "sha1-lmRU6HZUYuN2RNNib2dCzotwll0=",
      "requires": {
        "tr46": "~0.0.3",
        "webidl-conversions": "^3.0.0"
      }
    }
  }
}
